version.dll|version.dll|c844646d835a7b88ed1382eea80403d38b433f8ac09cf92581c73698c44ae7c2|50c04d7f4bf26e0419432cc2ae02588c4a303a23
winmm.dll|altnative/winmm.dll|1004dd4ee0edbe4e1af4c8c7b30d4786bea0f5e7c0412566996b4c2543ae7e36|7166b7feef012399e578a741ed54423665d85b74
dinput8.dll|altnative/dinput8.dll|ef3c3d49c5b5c8a17289c24da9b22885570793d72f3db628fa500f9efdb20489|a00546c88e01531943a6e7953283fffc0e5d3919
winhttp.dll|altnative/winhttp.dll|1619839e4d1b6145ce9a587ba807f42e64f2b0984af9e81700d42ccf46ff7253|bda9e642f3ffaf58b4dd9c630d7fc5d85e957112
dxgi.dll|altnative/dxgi.dll|8d29eddbd7f1c3e272d07f94ab8812a80ef5b7aeb73923320bf9a432ddcf74c0|6291c9bd3929ca4c72291015c9fe8d20d8e715bd
dlssg_sm86.ini|dlssg_sm86.ini|fd7f0722194e6e8d8c085327d9826effb411925a69a5e7549d70eff26a9f18b5|f68878e557c6be4babf678d16efabe93fd3492c0
