version.dll|version.dll|575c9bb475c836cef3c40d7195656955e14220aa9f0f7dde9d817a91911cb85f|bc3cf2b2aa6854cc7af8abff1928f95d5525886c
winmm.dll|alternatives/winmm.dll|84bfa1c4a68711439a92400cce5f80ce0ba3378caefb17b85e388a0fb60bc53c|a78adf15841ead7955e01d00a37c2eda6594fc9b
dinput8.dll|alternatives/dinput8.dll|ccc0fc43f9ac1a622f37c71ea480dd75641cb6426af8023ed344a89189af5c8c|476b50dfd5dc0998f91c7675940fd3dbd153464e
dxgi.dll|alternatives/dxgi.dll|af12e17d4fc22d94fa84f7fe9f306c43ebfd9dcb7cbeb41d01a018138586a922|829814b3c52ddd3256341c6585a16a5060a62b45
d3d12.dll|alternatives/d3d12.dll|517f70f46d6b2354514fb5461c53c0db9b9ef0dae46d16c05b92d2fc843514db|52eab764b0838ca5ee33e25b622b9c99658f9a1a
dbghelp.dll|alternatives/dbghelp.dll|50e1c50cb45a5512bcead3ea22da560776db67f7ab8f7fe9c583b4ecee7b7a41|db180622a80140e79db444df27168071a8bc2f70
dlssg_sm86.ini|dlssg_sm86.ini|2616857ee29ec61e33c8b52e1b50f4c93cb5339adbb13b73f0ae71a722427a43|2c97d64f2239b7d511f7d0a36c16e149dd3329f6
